
Microsoft Visual Studio Solution File, Format Version 12.00
# Visual Studio Version 17
VisualStudioVersion = 17.0.31903.59
MinimumVisualStudioVersion = 10.0.40219.1
Project("{FAE04EC0-301F-11D3-BF4B-00C04F79EFBC}") = "API", "API\API.csproj", "{A2E507E0-BCF1-4BC7-AF79-C13CB0F6DAD9}"
EndProject
Project("{FAE04EC0-301F-11D3-BF4B-00C04F79EFBC}") = "Core", "Core\Core.csproj", "{D8FDE621-A9DD-47E8-9ADC-66F4A1A23B84}"
EndProject
Project("{FAE04EC0-301F-11D3-BF4B-00C04F79EFBC}") = "Infrastructure", "Infrastructure\Infrastructure.csproj", "{5032B2A2-A2A5-4C67-9DD4-1CC61B87431C}"
EndProject
Global
	GlobalSection(SolutionConfigurationPlatforms) = preSolution
		Debug|Any CPU = Debug|Any CPU
		Release|Any CPU = Release|Any CPU
	EndGlobalSection
	GlobalSection(SolutionProperties) = preSolution
		HideSolutionNode = FALSE
	EndGlobalSection
	GlobalSection(ProjectConfigurationPlatforms) = postSolution
		{A2E507E0-BCF1-4BC7-AF79-C13CB0F6DAD9}.Debug|Any CPU.ActiveCfg = Debug|Any CPU
		{A2E507E0-BCF1-4BC7-AF79-C13CB0F6DAD9}.Debug|Any CPU.Build.0 = Debug|Any CPU
		{A2E507E0-BCF1-4BC7-AF79-C13CB0F6DAD9}.Release|Any CPU.ActiveCfg = Release|Any CPU
		{A2E507E0-BCF1-4BC7-AF79-C13CB0F6DAD9}.Release|Any CPU.Build.0 = Release|Any CPU
		{D8FDE621-A9DD-47E8-9ADC-66F4A1A23B84}.Debug|Any CPU.ActiveCfg = Debug|Any CPU
		{D8FDE621-A9DD-47E8-9ADC-66F4A1A23B84}.Debug|Any CPU.Build.0 = Debug|Any CPU
		{D8FDE621-A9DD-47E8-9ADC-66F4A1A23B84}.Release|Any CPU.ActiveCfg = Release|Any CPU
		{D8FDE621-A9DD-47E8-9ADC-66F4A1A23B84}.Release|Any CPU.Build.0 = Release|Any CPU
		{5032B2A2-A2A5-4C67-9DD4-1CC61B87431C}.Debug|Any CPU.ActiveCfg = Debug|Any CPU
		{5032B2A2-A2A5-4C67-9DD4-1CC61B87431C}.Debug|Any CPU.Build.0 = Debug|Any CPU
		{5032B2A2-A2A5-4C67-9DD4-1CC61B87431C}.Release|Any CPU.ActiveCfg = Release|Any CPU
		{5032B2A2-A2A5-4C67-9DD4-1CC61B87431C}.Release|Any CPU.Build.0 = Release|Any CPU
	EndGlobalSection
EndGlobal
